
Microsoft Visual Studio Solution File, Format Version 12.00
# Visual Studio Version 16
VisualStudioVersion = 16.0.29613.14
MinimumVisualStudioVersion = 10.0.40219.1
Project("{FAE04EC0-301F-11D3-BF4B-00C04F79EFBC}") = "Group20Project", "Group20Project\Group20Project.csproj", "{1351ABD1-6BBE-45E6-8679-8A677077B15E}"
EndProject
Global
	GlobalSection(SolutionConfigurationPlatforms) = preSolution
		Debug|Any CPU = Debug|Any CPU
		Release|Any CPU = Release|Any CPU
	EndGlobalSection
	GlobalSection(ProjectConfigurationPlatforms) = postSolution
		{1351ABD1-6BBE-45E6-8679-8A677077B15E}.Debug|Any CPU.ActiveCfg = Debug|Any CPU
		{1351ABD1-6BBE-45E6-8679-8A677077B15E}.Debug|Any CPU.Build.0 = Debug|Any CPU
		{1351ABD1-6BBE-45E6-8679-8A677077B15E}.Release|Any CPU.ActiveCfg = Release|Any CPU
		{1351ABD1-6BBE-45E6-8679-8A677077B15E}.Release|Any CPU.Build.0 = Release|Any CPU
	EndGlobalSection
	GlobalSection(SolutionProperties) = preSolution
		HideSolutionNode = FALSE
	EndGlobalSection
	GlobalSection(ExtensibilityGlobals) = postSolution
		SolutionGuid = {1FFBDD9E-DBB3-43E5-95E2-C1B9A27EF45D}
	EndGlobalSection
EndGlobal
